
Microsoft Visual Studio Solution File, Format Version 12.00
# Visual Studio Version 17
VisualStudioVersion = 17.5.002.0
MinimumVisualStudioVersion = 10.0.40219.1
Project("{9A19103F-16F7-4668-BE54-9A1E7A4F7556}") = "class-discovery", "class-discovery.csproj", "{A8F66F73-5B92-4E74-B08A-D03688181423}"
EndProject
Global
	GlobalSection(SolutionConfigurationPlatforms) = preSolution
		Debug|Any CPU = Debug|Any CPU
		Release|Any CPU = Release|Any CPU
	EndGlobalSection
	GlobalSection(ProjectConfigurationPlatforms) = postSolution
		{A8F66F73-5B92-4E74-B08A-D03688181423}.Debug|Any CPU.ActiveCfg = Debug|Any CPU
		{A8F66F73-5B92-4E74-B08A-D03688181423}.Debug|Any CPU.Build.0 = Debug|Any CPU
		{A8F66F73-5B92-4E74-B08A-D03688181423}.Release|Any CPU.ActiveCfg = Release|Any CPU
		{A8F66F73-5B92-4E74-B08A-D03688181423}.Release|Any CPU.Build.0 = Release|Any CPU
	EndGlobalSection
	GlobalSection(SolutionProperties) = preSolution
		HideSolutionNode = FALSE
	EndGlobalSection
	GlobalSection(ExtensibilityGlobals) = postSolution
		SolutionGuid = {AEF8A1DF-881A-4FEC-ADF3-E24B441EDDA0}
	EndGlobalSection
EndGlobal
