
Microsoft Visual Studio Solution File, Format Version 12.00
# Visual Studio Version 17
VisualStudioVersion = 17.5.002.0
MinimumVisualStudioVersion = 10.0.40219.1
Project("{9A19103F-16F7-4668-BE54-9A1E7A4F7556}") = "rationals", "rationals.csproj", "{12E04930-6FA6-46F9-983E-1E18558D2FC4}"
EndProject
Global
	GlobalSection(SolutionConfigurationPlatforms) = preSolution
		Debug|Any CPU = Debug|Any CPU
		Release|Any CPU = Release|Any CPU
	EndGlobalSection
	GlobalSection(ProjectConfigurationPlatforms) = postSolution
		{12E04930-6FA6-46F9-983E-1E18558D2FC4}.Debug|Any CPU.ActiveCfg = Debug|Any CPU
		{12E04930-6FA6-46F9-983E-1E18558D2FC4}.Debug|Any CPU.Build.0 = Debug|Any CPU
		{12E04930-6FA6-46F9-983E-1E18558D2FC4}.Release|Any CPU.ActiveCfg = Release|Any CPU
		{12E04930-6FA6-46F9-983E-1E18558D2FC4}.Release|Any CPU.Build.0 = Release|Any CPU
	EndGlobalSection
	GlobalSection(SolutionProperties) = preSolution
		HideSolutionNode = FALSE
	EndGlobalSection
	GlobalSection(ExtensibilityGlobals) = postSolution
		SolutionGuid = {1464EE57-B47F-43C7-BC4D-233E93C4CE61}
	EndGlobalSection
EndGlobal
